// !$*UTF8*$!
{
	archiveVersion = 1;
	classes = {
	};
	objectVersion = 56;
	objects = {

/* Begin PBXBuildFile section */
		F50EE5852C2EB04800F6A3A5 /* GeometryProcessingTests.swift in Sources */ = {isa = PBXBuildFile; fileRef = F50EE5842C2EB04800F6A3A5 /* GeometryProcessingTests.swift */; };
		F50EE5862C2EB04800F6A3A5 /* GeometryProcessing.framework in Frameworks */ = {isa = PBXBuildFile; fileRef = F5B8A7892A42EB8C00D47C82 /* GeometryProcessing.framework */; };
		F53298DE2A45DB38009358E7 /* list_to_matrix.swift in Sources */ = {isa = PBXBuildFile; fileRef = F53298DD2A45DB38009358E7 /* list_to_matrix.swift */; };
		F53298E12A45DCEF009358E7 /* min_size.swift in Sources */ = {isa = PBXBuildFile; fileRef = F53298E02A45DCEF009358E7 /* min_size.swift */; };
		F53298E32A45DF85009358E7 /* max_size.swift in Sources */ = {isa = PBXBuildFile; fileRef = F53298E22A45DF85009358E7 /* max_size.swift */; };
		F53D99FE2D38F19700251148 /* massmatrix.swift in Sources */ = {isa = PBXBuildFile; fileRef = F53D99FD2D38F19700251148 /* massmatrix.swift */; };
		F53D9A022D38FE5500251148 /* massmatrix_intrinsic.swift in Sources */ = {isa = PBXBuildFile; fileRef = F53D9A012D38FE5500251148 /* massmatrix_intrinsic.swift */; };
		F54FAF222A829A8F00DCC9CF /* euler_characteristic.swift in Sources */ = {isa = PBXBuildFile; fileRef = F54FAF212A829A8F00DCC9CF /* euler_characteristic.swift */; };
		F54FAF252A829C5A00DCC9CF /* edge_topology.swift in Sources */ = {isa = PBXBuildFile; fileRef = F54FAF242A829C5A00DCC9CF /* edge_topology.swift */; };
		F54FAF362A837D9300DCC9CF /* cut_mesh.swift in Sources */ = {isa = PBXBuildFile; fileRef = F54FAF352A837D9300DCC9CF /* cut_mesh.swift */; };
		F54FAF392A83946A00DCC9CF /* HalfEdgeIterator.swift in Sources */ = {isa = PBXBuildFile; fileRef = F54FAF382A83946A00DCC9CF /* HalfEdgeIterator.swift */; };
		F54FD6FE2A5D4355001FACBE /* vertex_components.swift in Sources */ = {isa = PBXBuildFile; fileRef = F54FD6FD2A5D4355001FACBE /* vertex_components.swift */; };
		F57887A22A435D9F00EF2409 /* avg_edge_length.swift in Sources */ = {isa = PBXBuildFile; fileRef = F57887A12A435D9F00EF2409 /* avg_edge_length.swift */; };
		F5B33DC22A7CF4FD00AEE5DF /* is_vertex_manifold.swift in Sources */ = {isa = PBXBuildFile; fileRef = F5B33DC12A7CF4FD00AEE5DF /* is_vertex_manifold.swift */; };
		F5B33DC52A7D234000AEE5DF /* unique_edge_map.swift in Sources */ = {isa = PBXBuildFile; fileRef = F5B33DC42A7D234000AEE5DF /* unique_edge_map.swift */; };
		F5B33DC72A7D3B5A00AEE5DF /* unique_simplices.swift in Sources */ = {isa = PBXBuildFile; fileRef = F5B33DC62A7D3B5A00AEE5DF /* unique_simplices.swift */; };
		F5B33DC92A7D41E800AEE5DF /* oriented_facets.swift in Sources */ = {isa = PBXBuildFile; fileRef = F5B33DC82A7D41E800AEE5DF /* oriented_facets.swift */; };
		F5B33DCB2A7D8AA700AEE5DF /* unique.swift in Sources */ = {isa = PBXBuildFile; fileRef = F5B33DCA2A7D8AA700AEE5DF /* unique.swift */; };
		F5B5B2542D39532400505121 /* repmat.swift in Sources */ = {isa = PBXBuildFile; fileRef = F5B5B2532D39532400505121 /* repmat.swift */; };
		F5B792F12A7FC18D00542BF2 /* is_edge_manifold.swift in Sources */ = {isa = PBXBuildFile; fileRef = F5B792F02A7FC18D00542BF2 /* is_edge_manifold.swift */; };
		F5B8A78E2A42EB8C00D47C82 /* GeometryProcessing.docc in Sources */ = {isa = PBXBuildFile; fileRef = F5B8A78D2A42EB8C00D47C82 /* GeometryProcessing.docc */; };
		F5B8A78F2A42EB8C00D47C82 /* GeometryProcessing.h in Headers */ = {isa = PBXBuildFile; fileRef = F5B8A78C2A42EB8C00D47C82 /* GeometryProcessing.h */; settings = {ATTRIBUTES = (Public, ); }; };
		F5B8A79E2A42F11500D47C82 /* Matrix.framework in Frameworks */ = {isa = PBXBuildFile; fileRef = F5B8A79B2A42EE1700D47C82 /* Matrix.framework */; };
		F5B8A79F2A42F11500D47C82 /* Matrix.framework in Embed Frameworks */ = {isa = PBXBuildFile; fileRef = F5B8A79B2A42EE1700D47C82 /* Matrix.framework */; settings = {ATTRIBUTES = (CodeSignOnCopy, RemoveHeadersOnCopy, ); }; };
		F5B8A7A22A42F13000D47C82 /* doubleArea.swift in Sources */ = {isa = PBXBuildFile; fileRef = F5B8A7A12A42F13000D47C82 /* doubleArea.swift */; };
		F5B8A7A42A42FD0700D47C82 /* edge_lengths.swift in Sources */ = {isa = PBXBuildFile; fileRef = F5B8A7A32A42FD0700D47C82 /* edge_lengths.swift */; };
		F5B8A7A62A42FDA500D47C82 /* project_isometrically_to_plane.swift in Sources */ = {isa = PBXBuildFile; fileRef = F5B8A7A52A42FDA500D47C82 /* project_isometrically_to_plane.swift */; };
		F5B8A7A82A42FDC100D47C82 /* squared_edge_lengths.swift in Sources */ = {isa = PBXBuildFile; fileRef = F5B8A7A72A42FDC100D47C82 /* squared_edge_lengths.swift */; };
		F5B8A7AA2A42FE3C00D47C82 /* Slice.swift in Sources */ = {isa = PBXBuildFile; fileRef = F5B8A7A92A42FE3C00D47C82 /* Slice.swift */; };
		F5B8A7AC2A42FE5E00D47C82 /* local_basis.swift in Sources */ = {isa = PBXBuildFile; fileRef = F5B8A7AB2A42FE5E00D47C82 /* local_basis.swift */; };
		F5B8A7AE2A42FE8200D47C82 /* grad.swift in Sources */ = {isa = PBXBuildFile; fileRef = F5B8A7AD2A42FE8200D47C82 /* grad.swift */; };
		F5B8A7B02A42FEDC00D47C82 /* per_face_normals.swift in Sources */ = {isa = PBXBuildFile; fileRef = F5B8A7AF2A42FEDC00D47C82 /* per_face_normals.swift */; };
		F5B8A7B22A42FEF300D47C82 /* cat.swift in Sources */ = {isa = PBXBuildFile; fileRef = F5B8A7B12A42FEF300D47C82 /* cat.swift */; };
		F5B8A7B42A42FF0E00D47C82 /* flip_avoiding_linesearch.swift in Sources */ = {isa = PBXBuildFile; fileRef = F5B8A7B32A42FF0E00D47C82 /* flip_avoiding_linesearch.swift */; };
		F5B8A7B62A42FF8A00D47C82 /* linesearch.swift in Sources */ = {isa = PBXBuildFile; fileRef = F5B8A7B52A42FF8A00D47C82 /* linesearch.swift */; };
		F5B8A7B82A42FFA400D47C82 /* boundary_loop.swift in Sources */ = {isa = PBXBuildFile; fileRef = F5B8A7B72A42FFA400D47C82 /* boundary_loop.swift */; };
		F5B8A7BA2A42FFC900D47C82 /* triangle_triangle_adjacency.swift in Sources */ = {isa = PBXBuildFile; fileRef = F5B8A7B92A42FFC900D47C82 /* triangle_triangle_adjacency.swift */; };
		F5B8A7BC2A42FFE400D47C82 /* vertex_triangle_adjacency.swift in Sources */ = {isa = PBXBuildFile; fileRef = F5B8A7BB2A42FFE400D47C82 /* vertex_triangle_adjacency.swift */; };
		F5B8A7BE2A43000000D47C82 /* cumsum.swift in Sources */ = {isa = PBXBuildFile; fileRef = F5B8A7BD2A43000000D47C82 /* cumsum.swift */; };
		F5B8A7C02A43002100D47C82 /* is_border_vertex.swift in Sources */ = {isa = PBXBuildFile; fileRef = F5B8A7BF2A43002100D47C82 /* is_border_vertex.swift */; };
		F5B8A7C22A43003800D47C82 /* map_vertices_to_circle.swift in Sources */ = {isa = PBXBuildFile; fileRef = F5B8A7C12A43003800D47C82 /* map_vertices_to_circle.swift */; };
		F5B8A7C42A43005300D47C82 /* harmonic.swift in Sources */ = {isa = PBXBuildFile; fileRef = F5B8A7C32A43005300D47C82 /* harmonic.swift */; };
		F5B8A7C62A43010700D47C82 /* cotmatrix.swift in Sources */ = {isa = PBXBuildFile; fileRef = F5B8A7C52A43010700D47C82 /* cotmatrix.swift */; };
		F5B8A7CA2A43014600D47C82 /* cotmatrix_entries.swift in Sources */ = {isa = PBXBuildFile; fileRef = F5B8A7C92A43014600D47C82 /* cotmatrix_entries.swift */; };
		F5B8A7CC2A43015D00D47C82 /* geom_sort.swift in Sources */ = {isa = PBXBuildFile; fileRef = F5B8A7CB2A43015D00D47C82 /* geom_sort.swift */; };
		F5B8A7CE2A431F6A00D47C82 /* reorder.swift in Sources */ = {isa = PBXBuildFile; fileRef = F5B8A7CD2A431F6A00D47C82 /* reorder.swift */; };
		F5B8A7D02A431F8600D47C82 /* adjacency_matrix.swift in Sources */ = {isa = PBXBuildFile; fileRef = F5B8A7CF2A431F8600D47C82 /* adjacency_matrix.swift */; };
		F5B8A7D22A431FA100D47C82 /* vector_area_matrix.swift in Sources */ = {isa = PBXBuildFile; fileRef = F5B8A7D12A431FA100D47C82 /* vector_area_matrix.swift */; };
		F5B8A7D42A431FB900D47C82 /* boundary_facets.swift in Sources */ = {isa = PBXBuildFile; fileRef = F5B8A7D32A431FB900D47C82 /* boundary_facets.swift */; };
		F5B8A7D62A431FCE00D47C82 /* unique_rows.swift in Sources */ = {isa = PBXBuildFile; fileRef = F5B8A7D52A431FCE00D47C82 /* unique_rows.swift */; };
		F5B8A7D82A431FE400D47C82 /* accumarray.swift in Sources */ = {isa = PBXBuildFile; fileRef = F5B8A7D72A431FE400D47C82 /* accumarray.swift */; };
		F5B8A7DA2A433C9700D47C82 /* repdiag.swift in Sources */ = {isa = PBXBuildFile; fileRef = F5B8A7D92A433C9700D47C82 /* repdiag.swift */; };
		F5B8A7DC2A433CAC00D47C82 /* lscm.swift in Sources */ = {isa = PBXBuildFile; fileRef = F5B8A7DB2A433CAC00D47C82 /* lscm.swift */; };
		F5B8A7DE2A433CC300D47C82 /* PerFaceNormals.swift in Sources */ = {isa = PBXBuildFile; fileRef = F5B8A7DD2A433CC300D47C82 /* PerFaceNormals.swift */; };
		F5B8A7E02A433CDC00D47C82 /* PerVertexNormals.swift in Sources */ = {isa = PBXBuildFile; fileRef = F5B8A7DF2A433CDC00D47C82 /* PerVertexNormals.swift */; };
		F5B8A7E22A433CF200D47C82 /* PerVertexSmoothing.swift in Sources */ = {isa = PBXBuildFile; fileRef = F5B8A7E12A433CF200D47C82 /* PerVertexSmoothing.swift */; };
		F5B8A7E42A43533600D47C82 /* Utils.swift in Sources */ = {isa = PBXBuildFile; fileRef = F5B8A7E32A43533600D47C82 /* Utils.swift */; };
		F5B8A7E62A43592300D47C82 /* min_quad_with_fixed_data.swift in Sources */ = {isa = PBXBuildFile; fileRef = F5B8A7E52A43592300D47C82 /* min_quad_with_fixed_data.swift */; };
		F5B8A7E82A43597000D47C82 /* min_quad_with_fixed_precompute.swift in Sources */ = {isa = PBXBuildFile; fileRef = F5B8A7E72A43597000D47C82 /* min_quad_with_fixed_precompute.swift */; };
		F5B8A7EA2A43598C00D47C82 /* min_quad_with_fixed_solve.swift in Sources */ = {isa = PBXBuildFile; fileRef = F5B8A7E92A43598C00D47C82 /* min_quad_with_fixed_solve.swift */; };
		F5DD34032A44496A008C59C0 /* edges.swift in Sources */ = {isa = PBXBuildFile; fileRef = F5DD34022A44496A008C59C0 /* edges.swift */; };
		F5ED4F1E2A9CE83400AD57D0 /* triangle.c in Sources */ = {isa = PBXBuildFile; fileRef = F5ED4F1D2A9CE83400AD57D0 /* triangle.c */; };
		F5ED4F202A9CE84D00AD57D0 /* triangle.h in Headers */ = {isa = PBXBuildFile; fileRef = F5ED4F1F2A9CE84D00AD57D0 /* triangle.h */; settings = {ATTRIBUTES = (Public, ); }; };
		F5ED4F232A9CED5200AD57D0 /* Triangulate.swift in Sources */ = {isa = PBXBuildFile; fileRef = F5ED4F222A9CED5200AD57D0 /* Triangulate.swift */; };
/* End PBXBuildFile section */

/* Begin PBXContainerItemProxy section */
		F50EE5872C2EB04800F6A3A5 /* PBXContainerItemProxy */ = {
			isa = PBXContainerItemProxy;
			containerPortal = F5B8A7802A42EB8C00D47C82 /* Project object */;
			proxyType = 1;
			remoteGlobalIDString = F5B8A7882A42EB8C00D47C82;
			remoteInfo = GeometryProcessing;
		};
		F56FA7B52BD656260026905D /* PBXContainerItemProxy */ = {
			isa = PBXContainerItemProxy;
			containerPortal = F5B8A7962A42EE1700D47C82 /* Matrix.xcodeproj */;
			proxyType = 2;
			remoteGlobalIDString = F5EC90222B94A46800536043;
			remoteInfo = MatrixTests;
		};
		F5B8A79A2A42EE1700D47C82 /* PBXContainerItemProxy */ = {
			isa = PBXContainerItemProxy;
			containerPortal = F5B8A7962A42EE1700D47C82 /* Matrix.xcodeproj */;
			proxyType = 2;
			remoteGlobalIDString = F51B41202A114630007CD349;
			remoteInfo = Matrix;
		};
/* End PBXContainerItemProxy section */

/* Begin PBXCopyFilesBuildPhase section */
		F5B8A7A02A42F11500D47C82 /* Embed Frameworks */ = {
			isa = PBXCopyFilesBuildPhase;
			buildActionMask = 2147483647;
			dstPath = "";
			dstSubfolderSpec = 10;
			files = (
				F5B8A79F2A42F11500D47C82 /* Matrix.framework in Embed Frameworks */,
			);
			name = "Embed Frameworks";
			runOnlyForDeploymentPostprocessing = 0;
		};
/* End PBXCopyFilesBuildPhase section */

/* Begin PBXFileReference section */
		F50EE5822C2EB04700F6A3A5 /* GeometryProcessingTests.xctest */ = {isa = PBXFileReference; explicitFileType = wrapper.cfbundle; includeInIndex = 0; path = GeometryProcessingTests.xctest; sourceTree = BUILT_PRODUCTS_DIR; };
		F50EE5842C2EB04800F6A3A5 /* GeometryProcessingTests.swift */ = {isa = PBXFileReference; lastKnownFileType = sourcecode.swift; path = GeometryProcessingTests.swift; sourceTree = "<group>"; };
		F53298DD2A45DB38009358E7 /* list_to_matrix.swift */ = {isa = PBXFileReference; lastKnownFileType = sourcecode.swift; path = list_to_matrix.swift; sourceTree = "<group>"; };
		F53298E02A45DCEF009358E7 /* min_size.swift */ = {isa = PBXFileReference; lastKnownFileType = sourcecode.swift; path = min_size.swift; sourceTree = "<group>"; };
		F53298E22A45DF85009358E7 /* max_size.swift */ = {isa = PBXFileReference; lastKnownFileType = sourcecode.swift; path = max_size.swift; sourceTree = "<group>"; };
		F53D99FD2D38F19700251148 /* massmatrix.swift */ = {isa = PBXFileReference; lastKnownFileType = sourcecode.swift; path = massmatrix.swift; sourceTree = "<group>"; };
		F53D9A012D38FE5500251148 /* massmatrix_intrinsic.swift */ = {isa = PBXFileReference; lastKnownFileType = sourcecode.swift; path = massmatrix_intrinsic.swift; sourceTree = "<group>"; };
		F54FAF212A829A8F00DCC9CF /* euler_characteristic.swift */ = {isa = PBXFileReference; lastKnownFileType = sourcecode.swift; path = euler_characteristic.swift; sourceTree = "<group>"; };
		F54FAF242A829C5A00DCC9CF /* edge_topology.swift */ = {isa = PBXFileReference; lastKnownFileType = sourcecode.swift; path = edge_topology.swift; sourceTree = "<group>"; };
		F54FAF352A837D9300DCC9CF /* cut_mesh.swift */ = {isa = PBXFileReference; lastKnownFileType = sourcecode.swift; path = cut_mesh.swift; sourceTree = "<group>"; };
		F54FAF382A83946A00DCC9CF /* HalfEdgeIterator.swift */ = {isa = PBXFileReference; lastKnownFileType = sourcecode.swift; path = HalfEdgeIterator.swift; sourceTree = "<group>"; };
		F54FD6FD2A5D4355001FACBE /* vertex_components.swift */ = {isa = PBXFileReference; lastKnownFileType = sourcecode.swift; path = vertex_components.swift; sourceTree = "<group>"; };
		F57887A12A435D9F00EF2409 /* avg_edge_length.swift */ = {isa = PBXFileReference; lastKnownFileType = sourcecode.swift; path = avg_edge_length.swift; sourceTree = "<group>"; };
		F5B33DC12A7CF4FD00AEE5DF /* is_vertex_manifold.swift */ = {isa = PBXFileReference; lastKnownFileType = sourcecode.swift; path = is_vertex_manifold.swift; sourceTree = "<group>"; };
		F5B33DC42A7D234000AEE5DF /* unique_edge_map.swift */ = {isa = PBXFileReference; lastKnownFileType = sourcecode.swift; path = unique_edge_map.swift; sourceTree = "<group>"; };
		F5B33DC62A7D3B5A00AEE5DF /* unique_simplices.swift */ = {isa = PBXFileReference; lastKnownFileType = sourcecode.swift; path = unique_simplices.swift; sourceTree = "<group>"; };
		F5B33DC82A7D41E800AEE5DF /* oriented_facets.swift */ = {isa = PBXFileReference; lastKnownFileType = sourcecode.swift; path = oriented_facets.swift; sourceTree = "<group>"; };
		F5B33DCA2A7D8AA700AEE5DF /* unique.swift */ = {isa = PBXFileReference; lastKnownFileType = sourcecode.swift; path = unique.swift; sourceTree = "<group>"; };
		F5B5B2532D39532400505121 /* repmat.swift */ = {isa = PBXFileReference; lastKnownFileType = sourcecode.swift; path = repmat.swift; sourceTree = "<group>"; };
		F5B792F02A7FC18D00542BF2 /* is_edge_manifold.swift */ = {isa = PBXFileReference; lastKnownFileType = sourcecode.swift; path = is_edge_manifold.swift; sourceTree = "<group>"; };
		F5B8A7892A42EB8C00D47C82 /* GeometryProcessing.framework */ = {isa = PBXFileReference; explicitFileType = wrapper.framework; includeInIndex = 0; path = GeometryProcessing.framework; sourceTree = BUILT_PRODUCTS_DIR; };
		F5B8A78C2A42EB8C00D47C82 /* GeometryProcessing.h */ = {isa = PBXFileReference; lastKnownFileType = sourcecode.c.h; path = GeometryProcessing.h; sourceTree = "<group>"; };
		F5B8A78D2A42EB8C00D47C82 /* GeometryProcessing.docc */ = {isa = PBXFileReference; lastKnownFileType = folder.documentationcatalog; path = GeometryProcessing.docc; sourceTree = "<group>"; };
		F5B8A7962A42EE1700D47C82 /* Matrix.xcodeproj */ = {isa = PBXFileReference; lastKnownFileType = "wrapper.pb-project"; name = Matrix.xcodeproj; path = ../Matrix/Matrix.xcodeproj; sourceTree = "<group>"; };
		F5B8A7A12A42F13000D47C82 /* doubleArea.swift */ = {isa = PBXFileReference; lastKnownFileType = sourcecode.swift; path = doubleArea.swift; sourceTree = "<group>"; };
		F5B8A7A32A42FD0700D47C82 /* edge_lengths.swift */ = {isa = PBXFileReference; lastKnownFileType = sourcecode.swift; path = edge_lengths.swift; sourceTree = "<group>"; };
		F5B8A7A52A42FDA500D47C82 /* project_isometrically_to_plane.swift */ = {isa = PBXFileReference; lastKnownFileType = sourcecode.swift; path = project_isometrically_to_plane.swift; sourceTree = "<group>"; };
		F5B8A7A72A42FDC100D47C82 /* squared_edge_lengths.swift */ = {isa = PBXFileReference; lastKnownFileType = sourcecode.swift; path = squared_edge_lengths.swift; sourceTree = "<group>"; };
		F5B8A7A92A42FE3C00D47C82 /* Slice.swift */ = {isa = PBXFileReference; lastKnownFileType = sourcecode.swift; path = Slice.swift; sourceTree = "<group>"; };
		F5B8A7AB2A42FE5E00D47C82 /* local_basis.swift */ = {isa = PBXFileReference; lastKnownFileType = sourcecode.swift; path = local_basis.swift; sourceTree = "<group>"; };
		F5B8A7AD2A42FE8200D47C82 /* grad.swift */ = {isa = PBXFileReference; lastKnownFileType = sourcecode.swift; path = grad.swift; sourceTree = "<group>"; };
		F5B8A7AF2A42FEDC00D47C82 /* per_face_normals.swift */ = {isa = PBXFileReference; lastKnownFileType = sourcecode.swift; path = per_face_normals.swift; sourceTree = "<group>"; };
		F5B8A7B12A42FEF300D47C82 /* cat.swift */ = {isa = PBXFileReference; lastKnownFileType = sourcecode.swift; path = cat.swift; sourceTree = "<group>"; };
		F5B8A7B32A42FF0E00D47C82 /* flip_avoiding_linesearch.swift */ = {isa = PBXFileReference; lastKnownFileType = sourcecode.swift; path = flip_avoiding_linesearch.swift; sourceTree = "<group>"; };
		F5B8A7B52A42FF8A00D47C82 /* linesearch.swift */ = {isa = PBXFileReference; lastKnownFileType = sourcecode.swift; path = linesearch.swift; sourceTree = "<group>"; };
		F5B8A7B72A42FFA400D47C82 /* boundary_loop.swift */ = {isa = PBXFileReference; lastKnownFileType = sourcecode.swift; path = boundary_loop.swift; sourceTree = "<group>"; };
		F5B8A7B92A42FFC900D47C82 /* triangle_triangle_adjacency.swift */ = {isa = PBXFileReference; lastKnownFileType = sourcecode.swift; path = triangle_triangle_adjacency.swift; sourceTree = "<group>"; };
		F5B8A7BB2A42FFE400D47C82 /* vertex_triangle_adjacency.swift */ = {isa = PBXFileReference; lastKnownFileType = sourcecode.swift; path = vertex_triangle_adjacency.swift; sourceTree = "<group>"; };
		F5B8A7BD2A43000000D47C82 /* cumsum.swift */ = {isa = PBXFileReference; lastKnownFileType = sourcecode.swift; path = cumsum.swift; sourceTree = "<group>"; };
		F5B8A7BF2A43002100D47C82 /* is_border_vertex.swift */ = {isa = PBXFileReference; lastKnownFileType = sourcecode.swift; path = is_border_vertex.swift; sourceTree = "<group>"; };
		F5B8A7C12A43003800D47C82 /* map_vertices_to_circle.swift */ = {isa = PBXFileReference; lastKnownFileType = sourcecode.swift; path = map_vertices_to_circle.swift; sourceTree = "<group>"; };
		F5B8A7C32A43005300D47C82 /* harmonic.swift */ = {isa = PBXFileReference; lastKnownFileType = sourcecode.swift; path = harmonic.swift; sourceTree = "<group>"; };
		F5B8A7C52A43010700D47C82 /* cotmatrix.swift */ = {isa = PBXFileReference; lastKnownFileType = sourcecode.swift; path = cotmatrix.swift; sourceTree = "<group>"; };
		F5B8A7C92A43014600D47C82 /* cotmatrix_entries.swift */ = {isa = PBXFileReference; lastKnownFileType = sourcecode.swift; path = cotmatrix_entries.swift; sourceTree = "<group>"; };
		F5B8A7CB2A43015D00D47C82 /* geom_sort.swift */ = {isa = PBXFileReference; lastKnownFileType = sourcecode.swift; path = geom_sort.swift; sourceTree = "<group>"; };
		F5B8A7CD2A431F6A00D47C82 /* reorder.swift */ = {isa = PBXFileReference; lastKnownFileType = sourcecode.swift; path = reorder.swift; sourceTree = "<group>"; };
		F5B8A7CF2A431F8600D47C82 /* adjacency_matrix.swift */ = {isa = PBXFileReference; lastKnownFileType = sourcecode.swift; path = adjacency_matrix.swift; sourceTree = "<group>"; };
		F5B8A7D12A431FA100D47C82 /* vector_area_matrix.swift */ = {isa = PBXFileReference; lastKnownFileType = sourcecode.swift; path = vector_area_matrix.swift; sourceTree = "<group>"; };
		F5B8A7D32A431FB900D47C82 /* boundary_facets.swift */ = {isa = PBXFileReference; lastKnownFileType = sourcecode.swift; path = boundary_facets.swift; sourceTree = "<group>"; };
		F5B8A7D52A431FCE00D47C82 /* unique_rows.swift */ = {isa = PBXFileReference; lastKnownFileType = sourcecode.swift; path = unique_rows.swift; sourceTree = "<group>"; };
		F5B8A7D72A431FE400D47C82 /* accumarray.swift */ = {isa = PBXFileReference; lastKnownFileType = sourcecode.swift; path = accumarray.swift; sourceTree = "<group>"; };
		F5B8A7D92A433C9700D47C82 /* repdiag.swift */ = {isa = PBXFileReference; lastKnownFileType = sourcecode.swift; path = repdiag.swift; sourceTree = "<group>"; };
		F5B8A7DB2A433CAC00D47C82 /* lscm.swift */ = {isa = PBXFileReference; lastKnownFileType = sourcecode.swift; path = lscm.swift; sourceTree = "<group>"; };
		F5B8A7DD2A433CC300D47C82 /* PerFaceNormals.swift */ = {isa = PBXFileReference; lastKnownFileType = sourcecode.swift; path = PerFaceNormals.swift; sourceTree = "<group>"; };
		F5B8A7DF2A433CDC00D47C82 /* PerVertexNormals.swift */ = {isa = PBXFileReference; lastKnownFileType = sourcecode.swift; path = PerVertexNormals.swift; sourceTree = "<group>"; };
		F5B8A7E12A433CF200D47C82 /* PerVertexSmoothing.swift */ = {isa = PBXFileReference; lastKnownFileType = sourcecode.swift; path = PerVertexSmoothing.swift; sourceTree = "<group>"; };
		F5B8A7E32A43533600D47C82 /* Utils.swift */ = {isa = PBXFileReference; lastKnownFileType = sourcecode.swift; path = Utils.swift; sourceTree = "<group>"; };
		F5B8A7E52A43592300D47C82 /* min_quad_with_fixed_data.swift */ = {isa = PBXFileReference; lastKnownFileType = sourcecode.swift; path = min_quad_with_fixed_data.swift; sourceTree = "<group>"; };
		F5B8A7E72A43597000D47C82 /* min_quad_with_fixed_precompute.swift */ = {isa = PBXFileReference; lastKnownFileType = sourcecode.swift; path = min_quad_with_fixed_precompute.swift; sourceTree = "<group>"; };
		F5B8A7E92A43598C00D47C82 /* min_quad_with_fixed_solve.swift */ = {isa = PBXFileReference; lastKnownFileType = sourcecode.swift; path = min_quad_with_fixed_solve.swift; sourceTree = "<group>"; };
		F5DD34022A44496A008C59C0 /* edges.swift */ = {isa = PBXFileReference; lastKnownFileType = sourcecode.swift; path = edges.swift; sourceTree = "<group>"; };
		F5ED4F1D2A9CE83400AD57D0 /* triangle.c */ = {isa = PBXFileReference; fileEncoding = 4; lastKnownFileType = sourcecode.c.c; path = triangle.c; sourceTree = "<group>"; };
		F5ED4F1F2A9CE84D00AD57D0 /* triangle.h */ = {isa = PBXFileReference; fileEncoding = 4; lastKnownFileType = sourcecode.c.h; path = triangle.h; sourceTree = "<group>"; };
		F5ED4F222A9CED5200AD57D0 /* Triangulate.swift */ = {isa = PBXFileReference; lastKnownFileType = sourcecode.swift; path = Triangulate.swift; sourceTree = "<group>"; };
/* End PBXFileReference section */

/* Begin PBXFrameworksBuildPhase section */
		F50EE57F2C2EB04700F6A3A5 /* Frameworks */ = {
			isa = PBXFrameworksBuildPhase;
			buildActionMask = 2147483647;
			files = (
				F50EE5862C2EB04800F6A3A5 /* GeometryProcessing.framework in Frameworks */,
			);
			runOnlyForDeploymentPostprocessing = 0;
		};
		F5B8A7862A42EB8C00D47C82 /* Frameworks */ = {
			isa = PBXFrameworksBuildPhase;
			buildActionMask = 2147483647;
			files = (
				F5B8A79E2A42F11500D47C82 /* Matrix.framework in Frameworks */,
			);
			runOnlyForDeploymentPostprocessing = 0;
		};
/* End PBXFrameworksBuildPhase section */

/* Begin PBXGroup section */
		F501B74E2A865E2100F4CCEC /* Triangulation */ = {
			isa = PBXGroup;
			children = (
				F5ED4F222A9CED5200AD57D0 /* Triangulate.swift */,
			);
			path = Triangulation;
			sourceTree = "<group>";
		};
		F50EE5832C2EB04800F6A3A5 /* GeometryProcessingTests */ = {
			isa = PBXGroup;
			children = (
				F50EE5842C2EB04800F6A3A5 /* GeometryProcessingTests.swift */,
			);
			path = GeometryProcessingTests;
			sourceTree = "<group>";
		};
		F5B8A77F2A42EB8C00D47C82 = {
			isa = PBXGroup;
			children = (
				F5B8A78B2A42EB8C00D47C82 /* GeometryProcessing */,
				F50EE5832C2EB04800F6A3A5 /* GeometryProcessingTests */,
				F5B8A78A2A42EB8C00D47C82 /* Products */,
				F5B8A7952A42EE1600D47C82 /* Frameworks */,
			);
			sourceTree = "<group>";
		};
		F5B8A78A2A42EB8C00D47C82 /* Products */ = {
			isa = PBXGroup;
			children = (
				F5B8A7892A42EB8C00D47C82 /* GeometryProcessing.framework */,
				F50EE5822C2EB04700F6A3A5 /* GeometryProcessingTests.xctest */,
			);
			name = Products;
			sourceTree = "<group>";
		};
		F5B8A78B2A42EB8C00D47C82 /* GeometryProcessing */ = {
			isa = PBXGroup;
			children = (
				F5ED4F1F2A9CE84D00AD57D0 /* triangle.h */,
				F5ED4F1D2A9CE83400AD57D0 /* triangle.c */,
				F501B74E2A865E2100F4CCEC /* Triangulation */,
				F5B8A78C2A42EB8C00D47C82 /* GeometryProcessing.h */,
				F5B8A78D2A42EB8C00D47C82 /* GeometryProcessing.docc */,
				F5B8A7A12A42F13000D47C82 /* doubleArea.swift */,
				F5B8A7A32A42FD0700D47C82 /* edge_lengths.swift */,
				F5B8A7A52A42FDA500D47C82 /* project_isometrically_to_plane.swift */,
				F5B8A7A72A42FDC100D47C82 /* squared_edge_lengths.swift */,
				F5B8A7A92A42FE3C00D47C82 /* Slice.swift */,
				F5B8A7AB2A42FE5E00D47C82 /* local_basis.swift */,
				F5B8A7AD2A42FE8200D47C82 /* grad.swift */,
				F5B8A7AF2A42FEDC00D47C82 /* per_face_normals.swift */,
				F5B8A7B12A42FEF300D47C82 /* cat.swift */,
				F5B8A7B32A42FF0E00D47C82 /* flip_avoiding_linesearch.swift */,
				F5B8A7B52A42FF8A00D47C82 /* linesearch.swift */,
				F5B8A7B72A42FFA400D47C82 /* boundary_loop.swift */,
				F5B8A7B92A42FFC900D47C82 /* triangle_triangle_adjacency.swift */,
				F5B8A7BB2A42FFE400D47C82 /* vertex_triangle_adjacency.swift */,
				F5B8A7BD2A43000000D47C82 /* cumsum.swift */,
				F5B8A7BF2A43002100D47C82 /* is_border_vertex.swift */,
				F5B8A7C12A43003800D47C82 /* map_vertices_to_circle.swift */,
				F5B8A7C32A43005300D47C82 /* harmonic.swift */,
				F5B8A7C52A43010700D47C82 /* cotmatrix.swift */,
				F5B8A7C92A43014600D47C82 /* cotmatrix_entries.swift */,
				F5B8A7CB2A43015D00D47C82 /* geom_sort.swift */,
				F5B8A7CD2A431F6A00D47C82 /* reorder.swift */,
				F5B8A7CF2A431F8600D47C82 /* adjacency_matrix.swift */,
				F5B8A7D12A431FA100D47C82 /* vector_area_matrix.swift */,
				F5B8A7D32A431FB900D47C82 /* boundary_facets.swift */,
				F5B8A7D52A431FCE00D47C82 /* unique_rows.swift */,
				F5B8A7D72A431FE400D47C82 /* accumarray.swift */,
				F5B8A7D92A433C9700D47C82 /* repdiag.swift */,
				F5B8A7DB2A433CAC00D47C82 /* lscm.swift */,
				F5B8A7DD2A433CC300D47C82 /* PerFaceNormals.swift */,
				F5B8A7DF2A433CDC00D47C82 /* PerVertexNormals.swift */,
				F5B8A7E12A433CF200D47C82 /* PerVertexSmoothing.swift */,
				F5B8A7E32A43533600D47C82 /* Utils.swift */,
				F5B8A7E52A43592300D47C82 /* min_quad_with_fixed_data.swift */,
				F5B8A7E72A43597000D47C82 /* min_quad_with_fixed_precompute.swift */,
				F5B8A7E92A43598C00D47C82 /* min_quad_with_fixed_solve.swift */,
				F57887A12A435D9F00EF2409 /* avg_edge_length.swift */,
				F5DD34022A44496A008C59C0 /* edges.swift */,
				F53298DD2A45DB38009358E7 /* list_to_matrix.swift */,
				F53298E02A45DCEF009358E7 /* min_size.swift */,
				F53298E22A45DF85009358E7 /* max_size.swift */,
				F54FD6FD2A5D4355001FACBE /* vertex_components.swift */,
				F5B33DC12A7CF4FD00AEE5DF /* is_vertex_manifold.swift */,
				F5B33DC42A7D234000AEE5DF /* unique_edge_map.swift */,
				F5B33DC62A7D3B5A00AEE5DF /* unique_simplices.swift */,
				F5B33DC82A7D41E800AEE5DF /* oriented_facets.swift */,
				F5B33DCA2A7D8AA700AEE5DF /* unique.swift */,
				F5B792F02A7FC18D00542BF2 /* is_edge_manifold.swift */,
				F54FAF212A829A8F00DCC9CF /* euler_characteristic.swift */,
				F54FAF242A829C5A00DCC9CF /* edge_topology.swift */,
				F54FAF352A837D9300DCC9CF /* cut_mesh.swift */,
				F54FAF382A83946A00DCC9CF /* HalfEdgeIterator.swift */,
				F53D99FD2D38F19700251148 /* massmatrix.swift */,
				F53D9A012D38FE5500251148 /* massmatrix_intrinsic.swift */,
				F5B5B2532D39532400505121 /* repmat.swift */,
			);
			path = GeometryProcessing;
			sourceTree = "<group>";
		};
		F5B8A7952A42EE1600D47C82 /* Frameworks */ = {
			isa = PBXGroup;
			children = (
				F5B8A7962A42EE1700D47C82 /* Matrix.xcodeproj */,
			);
			name = Frameworks;
			sourceTree = "<group>";
		};
		F5B8A7972A42EE1700D47C82 /* Products */ = {
			isa = PBXGroup;
			children = (
				F5B8A79B2A42EE1700D47C82 /* Matrix.framework */,
				F56FA7B62BD656260026905D /* MatrixTests.xctest */,
			);
			name = Products;
			sourceTree = "<group>";
		};
/* End PBXGroup section */

/* Begin PBXHeadersBuildPhase section */
		F5B8A7842A42EB8C00D47C82 /* Headers */ = {
			isa = PBXHeadersBuildPhase;
			buildActionMask = 2147483647;
			files = (
				F5ED4F202A9CE84D00AD57D0 /* triangle.h in Headers */,
				F5B8A78F2A42EB8C00D47C82 /* GeometryProcessing.h in Headers */,
			);
			runOnlyForDeploymentPostprocessing = 0;
		};
/* End PBXHeadersBuildPhase section */

/* Begin PBXNativeTarget section */
		F50EE5812C2EB04700F6A3A5 /* GeometryProcessingTests */ = {
			isa = PBXNativeTarget;
			buildConfigurationList = F50EE58D2C2EB04800F6A3A5 /* Build configuration list for PBXNativeTarget "GeometryProcessingTests" */;
			buildPhases = (
				F50EE57E2C2EB04700F6A3A5 /* Sources */,
				F50EE57F2C2EB04700F6A3A5 /* Frameworks */,
				F50EE5802C2EB04700F6A3A5 /* Resources */,
			);
			buildRules = (
			);
			dependencies = (
				F50EE5882C2EB04800F6A3A5 /* PBXTargetDependency */,
			);
			name = GeometryProcessingTests;
			productName = GeometryProcessingTests;
			productReference = F50EE5822C2EB04700F6A3A5 /* GeometryProcessingTests.xctest */;
			productType = "com.apple.product-type.bundle.unit-test";
		};
		F5B8A7882A42EB8C00D47C82 /* GeometryProcessing */ = {
			isa = PBXNativeTarget;
			buildConfigurationList = F5B8A7922A42EB8C00D47C82 /* Build configuration list for PBXNativeTarget "GeometryProcessing" */;
			buildPhases = (
				F5B8A7842A42EB8C00D47C82 /* Headers */,
				F5B8A7852A42EB8C00D47C82 /* Sources */,
				F5B8A7862A42EB8C00D47C82 /* Frameworks */,
				F5B8A7872A42EB8C00D47C82 /* Resources */,
				F5B8A7A02A42F11500D47C82 /* Embed Frameworks */,
			);
			buildRules = (
			);
			dependencies = (
			);
			name = GeometryProcessing;
			productName = GeometryProcessing;
			productReference = F5B8A7892A42EB8C00D47C82 /* GeometryProcessing.framework */;
			productType = "com.apple.product-type.framework";
		};
/* End PBXNativeTarget section */

/* Begin PBXProject section */
		F5B8A7802A42EB8C00D47C82 /* Project object */ = {
			isa = PBXProject;
			attributes = {
				BuildIndependentTargetsInParallel = 1;
				LastSwiftUpdateCheck = 1540;
				LastUpgradeCheck = 1430;
				TargetAttributes = {
					F50EE5812C2EB04700F6A3A5 = {
						CreatedOnToolsVersion = 15.4;
					};
					F5B8A7882A42EB8C00D47C82 = {
						CreatedOnToolsVersion = 14.3.1;
						LastSwiftMigration = 1430;
					};
				};
			};
			buildConfigurationList = F5B8A7832A42EB8C00D47C82 /* Build configuration list for PBXProject "GeometryProcessing" */;
			compatibilityVersion = "Xcode 14.0";
			developmentRegion = en;
			hasScannedForEncodings = 0;
			knownRegions = (
				en,
				Base,
			);
			mainGroup = F5B8A77F2A42EB8C00D47C82;
			productRefGroup = F5B8A78A2A42EB8C00D47C82 /* Products */;
			projectDirPath = "";
			projectReferences = (
				{
					ProductGroup = F5B8A7972A42EE1700D47C82 /* Products */;
					ProjectRef = F5B8A7962A42EE1700D47C82 /* Matrix.xcodeproj */;
				},
			);
			projectRoot = "";
			targets = (
				F5B8A7882A42EB8C00D47C82 /* GeometryProcessing */,
				F50EE5812C2EB04700F6A3A5 /* GeometryProcessingTests */,
			);
		};
/* End PBXProject section */

/* Begin PBXReferenceProxy section */
		F56FA7B62BD656260026905D /* MatrixTests.xctest */ = {
			isa = PBXReferenceProxy;
			fileType = wrapper.cfbundle;
			path = MatrixTests.xctest;
			remoteRef = F56FA7B52BD656260026905D /* PBXContainerItemProxy */;
			sourceTree = BUILT_PRODUCTS_DIR;
		};
		F5B8A79B2A42EE1700D47C82 /* Matrix.framework */ = {
			isa = PBXReferenceProxy;
			fileType = wrapper.framework;
			path = Matrix.framework;
			remoteRef = F5B8A79A2A42EE1700D47C82 /* PBXContainerItemProxy */;
			sourceTree = BUILT_PRODUCTS_DIR;
		};
/* End PBXReferenceProxy section */

/* Begin PBXResourcesBuildPhase section */
		F50EE5802C2EB04700F6A3A5 /* Resources */ = {
			isa = PBXResourcesBuildPhase;
			buildActionMask = 2147483647;
			files = (
			);
			runOnlyForDeploymentPostprocessing = 0;
		};
		F5B8A7872A42EB8C00D47C82 /* Resources */ = {
			isa = PBXResourcesBuildPhase;
			buildActionMask = 2147483647;
			files = (
			);
			runOnlyForDeploymentPostprocessing = 0;
		};
/* End PBXResourcesBuildPhase section */

/* Begin PBXSourcesBuildPhase section */
		F50EE57E2C2EB04700F6A3A5 /* Sources */ = {
			isa = PBXSourcesBuildPhase;
			buildActionMask = 2147483647;
			files = (
				F50EE5852C2EB04800F6A3A5 /* GeometryProcessingTests.swift in Sources */,
			);
			runOnlyForDeploymentPostprocessing = 0;
		};
		F5B8A7852A42EB8C00D47C82 /* Sources */ = {
			isa = PBXSourcesBuildPhase;
			buildActionMask = 2147483647;
			files = (
				F5B8A7B22A42FEF300D47C82 /* cat.swift in Sources */,
				F5B8A7CA2A43014600D47C82 /* cotmatrix_entries.swift in Sources */,
				F5B8A7C02A43002100D47C82 /* is_border_vertex.swift in Sources */,
				F5B8A7EA2A43598C00D47C82 /* min_quad_with_fixed_solve.swift in Sources */,
				F5B8A7BE2A43000000D47C82 /* cumsum.swift in Sources */,
				F54FAF362A837D9300DCC9CF /* cut_mesh.swift in Sources */,
				F5B8A78E2A42EB8C00D47C82 /* GeometryProcessing.docc in Sources */,
				F5B8A7A42A42FD0700D47C82 /* edge_lengths.swift in Sources */,
				F5B8A7D62A431FCE00D47C82 /* unique_rows.swift in Sources */,
				F5B8A7A82A42FDC100D47C82 /* squared_edge_lengths.swift in Sources */,
				F5B8A7E62A43592300D47C82 /* min_quad_with_fixed_data.swift in Sources */,
				F5B8A7DA2A433C9700D47C82 /* repdiag.swift in Sources */,
				F5B8A7E82A43597000D47C82 /* min_quad_with_fixed_precompute.swift in Sources */,
				F5B8A7E42A43533600D47C82 /* Utils.swift in Sources */,
				F5B8A7BA2A42FFC900D47C82 /* triangle_triangle_adjacency.swift in Sources */,
				F5B33DC92A7D41E800AEE5DF /* oriented_facets.swift in Sources */,
				F5B8A7AE2A42FE8200D47C82 /* grad.swift in Sources */,
				F5B8A7CC2A43015D00D47C82 /* geom_sort.swift in Sources */,
				F5B8A7E22A433CF200D47C82 /* PerVertexSmoothing.swift in Sources */,
				F5B8A7B82A42FFA400D47C82 /* boundary_loop.swift in Sources */,
				F5B8A7B62A42FF8A00D47C82 /* linesearch.swift in Sources */,
				F5B33DC52A7D234000AEE5DF /* unique_edge_map.swift in Sources */,
				F5B8A7D22A431FA100D47C82 /* vector_area_matrix.swift in Sources */,
				F54FAF252A829C5A00DCC9CF /* edge_topology.swift in Sources */,
				F5B8A7D42A431FB900D47C82 /* boundary_facets.swift in Sources */,
				F5B8A7BC2A42FFE400D47C82 /* vertex_triangle_adjacency.swift in Sources */,
				F5B5B2542D39532400505121 /* repmat.swift in Sources */,
				F5B8A7DE2A433CC300D47C82 /* PerFaceNormals.swift in Sources */,
				F5B8A7E02A433CDC00D47C82 /* PerVertexNormals.swift in Sources */,
				F5B8A7A22A42F13000D47C82 /* doubleArea.swift in Sources */,
				F5B8A7B02A42FEDC00D47C82 /* per_face_normals.swift in Sources */,
				F5B8A7C62A43010700D47C82 /* cotmatrix.swift in Sources */,
				F5B8A7AA2A42FE3C00D47C82 /* Slice.swift in Sources */,
				F5B8A7C42A43005300D47C82 /* harmonic.swift in Sources */,
				F5B8A7DC2A433CAC00D47C82 /* lscm.swift in Sources */,
				F5B8A7C22A43003800D47C82 /* map_vertices_to_circle.swift in Sources */,
				F5B8A7B42A42FF0E00D47C82 /* flip_avoiding_linesearch.swift in Sources */,
				F53D99FE2D38F19700251148 /* massmatrix.swift in Sources */,
				F54FD6FE2A5D4355001FACBE /* vertex_components.swift in Sources */,
				F5B8A7A62A42FDA500D47C82 /* project_isometrically_to_plane.swift in Sources */,
				F53298E12A45DCEF009358E7 /* min_size.swift in Sources */,
				F53298DE2A45DB38009358E7 /* list_to_matrix.swift in Sources */,
				F5ED4F1E2A9CE83400AD57D0 /* triangle.c in Sources */,
				F53298E32A45DF85009358E7 /* max_size.swift in Sources */,
				F5B792F12A7FC18D00542BF2 /* is_edge_manifold.swift in Sources */,
				F5ED4F232A9CED5200AD57D0 /* Triangulate.swift in Sources */,
				F5B8A7AC2A42FE5E00D47C82 /* local_basis.swift in Sources */,
				F5B8A7CE2A431F6A00D47C82 /* reorder.swift in Sources */,
				F54FAF392A83946A00DCC9CF /* HalfEdgeIterator.swift in Sources */,
				F53D9A022D38FE5500251148 /* massmatrix_intrinsic.swift in Sources */,
				F5B8A7D02A431F8600D47C82 /* adjacency_matrix.swift in Sources */,
				F5B33DC72A7D3B5A00AEE5DF /* unique_simplices.swift in Sources */,
				F5B33DC22A7CF4FD00AEE5DF /* is_vertex_manifold.swift in Sources */,
				F54FAF222A829A8F00DCC9CF /* euler_characteristic.swift in Sources */,
				F5B8A7D82A431FE400D47C82 /* accumarray.swift in Sources */,
				F57887A22A435D9F00EF2409 /* avg_edge_length.swift in Sources */,
				F5B33DCB2A7D8AA700AEE5DF /* unique.swift in Sources */,
				F5DD34032A44496A008C59C0 /* edges.swift in Sources */,
			);
			runOnlyForDeploymentPostprocessing = 0;
		};
/* End PBXSourcesBuildPhase section */

/* Begin PBXTargetDependency section */
		F50EE5882C2EB04800F6A3A5 /* PBXTargetDependency */ = {
			isa = PBXTargetDependency;
			target = F5B8A7882A42EB8C00D47C82 /* GeometryProcessing */;
			targetProxy = F50EE5872C2EB04800F6A3A5 /* PBXContainerItemProxy */;
		};
/* End PBXTargetDependency section */

/* Begin XCBuildConfiguration section */
		F50EE5892C2EB04800F6A3A5 /* Debug */ = {
			isa = XCBuildConfiguration;
			buildSettings = {
				ASSETCATALOG_COMPILER_GENERATE_SWIFT_ASSET_SYMBOL_EXTENSIONS = YES;
				CODE_SIGN_STYLE = Automatic;
				CURRENT_PROJECT_VERSION = 1;
				ENABLE_USER_SCRIPT_SANDBOXING = YES;
				GCC_C_LANGUAGE_STANDARD = gnu17;
				GENERATE_INFOPLIST_FILE = YES;
				IPHONEOS_DEPLOYMENT_TARGET = 17.5;
				LOCALIZATION_PREFERS_STRING_CATALOGS = YES;
				MACOSX_DEPLOYMENT_TARGET = 14.5;
				MARKETING_VERSION = 1.0;
				PRODUCT_BUNDLE_IDENTIFIER = com.Thingoteam.GeometryProcessingTests;
				PRODUCT_NAME = "$(TARGET_NAME)";
				SDKROOT = auto;
				SUPPORTED_PLATFORMS = "iphoneos iphonesimulator macosx";
				SWIFT_ACTIVE_COMPILATION_CONDITIONS = "DEBUG $(inherited)";
				SWIFT_EMIT_LOC_STRINGS = NO;
				SWIFT_VERSION = 5.0;
				TARGETED_DEVICE_FAMILY = "1,2";
			};
			name = Debug;
		};
		F50EE58A2C2EB04800F6A3A5 /* Release */ = {
			isa = XCBuildConfiguration;
			buildSettings = {
				ASSETCATALOG_COMPILER_GENERATE_SWIFT_ASSET_SYMBOL_EXTENSIONS = YES;
				CODE_SIGN_STYLE = Automatic;
				CURRENT_PROJECT_VERSION = 1;
				ENABLE_USER_SCRIPT_SANDBOXING = YES;
				GCC_C_LANGUAGE_STANDARD = gnu17;
				GENERATE_INFOPLIST_FILE = YES;
				IPHONEOS_DEPLOYMENT_TARGET = 17.5;
				LOCALIZATION_PREFERS_STRING_CATALOGS = YES;
				MACOSX_DEPLOYMENT_TARGET = 14.5;
				MARKETING_VERSION = 1.0;
				PRODUCT_BUNDLE_IDENTIFIER = com.Thingoteam.GeometryProcessingTests;
				PRODUCT_NAME = "$(TARGET_NAME)";
				SDKROOT = auto;
				SUPPORTED_PLATFORMS = "iphoneos iphonesimulator macosx";
				SWIFT_EMIT_LOC_STRINGS = NO;
				SWIFT_VERSION = 5.0;
				TARGETED_DEVICE_FAMILY = "1,2";
			};
			name = Release;
		};
		F5B8A7902A42EB8C00D47C82 /* Debug */ = {
			isa = XCBuildConfiguration;
			buildSettings = {
				ALWAYS_SEARCH_USER_PATHS = NO;
				CLANG_ANALYZER_NONNULL = YES;
				CLANG_ANALYZER_NUMBER_OBJECT_CONVERSION = YES_AGGRESSIVE;
				CLANG_CXX_LANGUAGE_STANDARD = "gnu++20";
				CLANG_ENABLE_MODULES = YES;
				CLANG_ENABLE_OBJC_ARC = YES;
				CLANG_ENABLE_OBJC_WEAK = YES;
				CLANG_WARN_BLOCK_CAPTURE_AUTORELEASING = YES;
				CLANG_WARN_BOOL_CONVERSION = YES;
				CLANG_WARN_COMMA = YES;
				CLANG_WARN_CONSTANT_CONVERSION = YES;
				CLANG_WARN_DEPRECATED_OBJC_IMPLEMENTATIONS = YES;
				CLANG_WARN_DIRECT_OBJC_ISA_USAGE = YES_ERROR;
				CLANG_WARN_DOCUMENTATION_COMMENTS = YES;
				CLANG_WARN_EMPTY_BODY = YES;
				CLANG_WARN_ENUM_CONVERSION = YES;
				CLANG_WARN_INFINITE_RECURSION = YES;
				CLANG_WARN_INT_CONVERSION = YES;
				CLANG_WARN_NON_LITERAL_NULL_CONVERSION = YES;
				CLANG_WARN_OBJC_IMPLICIT_RETAIN_SELF = YES;
				CLANG_WARN_OBJC_LITERAL_CONVERSION = YES;
				CLANG_WARN_OBJC_ROOT_CLASS = YES_ERROR;
				CLANG_WARN_QUOTED_INCLUDE_IN_FRAMEWORK_HEADER = YES;
				CLANG_WARN_RANGE_LOOP_ANALYSIS = YES;
				CLANG_WARN_STRICT_PROTOTYPES = YES;
				CLANG_WARN_SUSPICIOUS_MOVE = YES;
				CLANG_WARN_UNGUARDED_AVAILABILITY = YES_AGGRESSIVE;
				CLANG_WARN_UNREACHABLE_CODE = YES;
				CLANG_WARN__DUPLICATE_METHOD_MATCH = YES;
				COPY_PHASE_STRIP = NO;
				CURRENT_PROJECT_VERSION = 1;
				DEBUG_INFORMATION_FORMAT = dwarf;
				ENABLE_STRICT_OBJC_MSGSEND = YES;
				ENABLE_TESTABILITY = YES;
				GCC_C_LANGUAGE_STANDARD = gnu11;
				GCC_DYNAMIC_NO_PIC = NO;
				GCC_NO_COMMON_BLOCKS = YES;
				GCC_OPTIMIZATION_LEVEL = 0;
				GCC_PREPROCESSOR_DEFINITIONS = (
					"DEBUG=1",
					"$(inherited)",
				);
				GCC_WARN_64_TO_32_BIT_CONVERSION = YES;
				GCC_WARN_ABOUT_RETURN_TYPE = YES_ERROR;
				GCC_WARN_UNDECLARED_SELECTOR = YES;
				GCC_WARN_UNINITIALIZED_AUTOS = YES_AGGRESSIVE;
				GCC_WARN_UNUSED_FUNCTION = YES;
				GCC_WARN_UNUSED_VARIABLE = YES;
				IPHONEOS_DEPLOYMENT_TARGET = 16.4;
				MTL_ENABLE_DEBUG_INFO = INCLUDE_SOURCE;
				MTL_FAST_MATH = YES;
				ONLY_ACTIVE_ARCH = YES;
				OTHER_CFLAGS = "";
				OTHER_CPLUSPLUSFLAGS = "";
				SDKROOT = iphoneos;
				SWIFT_ACTIVE_COMPILATION_CONDITIONS = "DEBUG ANSI_DECLARATORS TRILIBRARY";
				SWIFT_OPTIMIZATION_LEVEL = "-Onone";
				VERSIONING_SYSTEM = "apple-generic";
				VERSION_INFO_PREFIX = "";
			};
			name = Debug;
		};
		F5B8A7912A42EB8C00D47C82 /* Release */ = {
			isa = XCBuildConfiguration;
			buildSettings = {
				ALWAYS_SEARCH_USER_PATHS = NO;
				CLANG_ANALYZER_NONNULL = YES;
				CLANG_ANALYZER_NUMBER_OBJECT_CONVERSION = YES_AGGRESSIVE;
				CLANG_CXX_LANGUAGE_STANDARD = "gnu++20";
				CLANG_ENABLE_MODULES = YES;
				CLANG_ENABLE_OBJC_ARC = YES;
				CLANG_ENABLE_OBJC_WEAK = YES;
				CLANG_WARN_BLOCK_CAPTURE_AUTORELEASING = YES;
				CLANG_WARN_BOOL_CONVERSION = YES;
				CLANG_WARN_COMMA = YES;
				CLANG_WARN_CONSTANT_CONVERSION = YES;
				CLANG_WARN_DEPRECATED_OBJC_IMPLEMENTATIONS = YES;
				CLANG_WARN_DIRECT_OBJC_ISA_USAGE = YES_ERROR;
				CLANG_WARN_DOCUMENTATION_COMMENTS = YES;
				CLANG_WARN_EMPTY_BODY = YES;
				CLANG_WARN_ENUM_CONVERSION = YES;
				CLANG_WARN_INFINITE_RECURSION = YES;
				CLANG_WARN_INT_CONVERSION = YES;
				CLANG_WARN_NON_LITERAL_NULL_CONVERSION = YES;
				CLANG_WARN_OBJC_IMPLICIT_RETAIN_SELF = YES;
				CLANG_WARN_OBJC_LITERAL_CONVERSION = YES;
				CLANG_WARN_OBJC_ROOT_CLASS = YES_ERROR;
				CLANG_WARN_QUOTED_INCLUDE_IN_FRAMEWORK_HEADER = YES;
				CLANG_WARN_RANGE_LOOP_ANALYSIS = YES;
				CLANG_WARN_STRICT_PROTOTYPES = YES;
				CLANG_WARN_SUSPICIOUS_MOVE = YES;
				CLANG_WARN_UNGUARDED_AVAILABILITY = YES_AGGRESSIVE;
				CLANG_WARN_UNREACHABLE_CODE = YES;
				CLANG_WARN__DUPLICATE_METHOD_MATCH = YES;
				COPY_PHASE_STRIP = NO;
				CURRENT_PROJECT_VERSION = 1;
				DEBUG_INFORMATION_FORMAT = "dwarf-with-dsym";
				ENABLE_NS_ASSERTIONS = NO;
				ENABLE_STRICT_OBJC_MSGSEND = YES;
				GCC_C_LANGUAGE_STANDARD = gnu11;
				GCC_NO_COMMON_BLOCKS = YES;
				GCC_WARN_64_TO_32_BIT_CONVERSION = YES;
				GCC_WARN_ABOUT_RETURN_TYPE = YES_ERROR;
				GCC_WARN_UNDECLARED_SELECTOR = YES;
				GCC_WARN_UNINITIALIZED_AUTOS = YES_AGGRESSIVE;
				GCC_WARN_UNUSED_FUNCTION = YES;
				GCC_WARN_UNUSED_VARIABLE = YES;
				IPHONEOS_DEPLOYMENT_TARGET = 16.4;
				MTL_ENABLE_DEBUG_INFO = NO;
				MTL_FAST_MATH = YES;
				OTHER_CFLAGS = "";
				OTHER_CPLUSPLUSFLAGS = "";
				SDKROOT = iphoneos;
				SWIFT_ACTIVE_COMPILATION_CONDITIONS = "ANSI_DECLARATORS TRILIBRARY";
				SWIFT_COMPILATION_MODE = wholemodule;
				SWIFT_OPTIMIZATION_LEVEL = "-O";
				VALIDATE_PRODUCT = YES;
				VERSIONING_SYSTEM = "apple-generic";
				VERSION_INFO_PREFIX = "";
			};
			name = Release;
		};
		F5B8A7932A42EB8C00D47C82 /* Debug */ = {
			isa = XCBuildConfiguration;
			buildSettings = {
				CLANG_ENABLE_MODULES = YES;
				CODE_SIGN_STYLE = Automatic;
				CURRENT_PROJECT_VERSION = 1;
				DEFINES_MODULE = YES;
				DEVELOPMENT_TEAM = 6GQ3B4E7Z3;
				DYLIB_COMPATIBILITY_VERSION = 1;
				DYLIB_CURRENT_VERSION = 1;
				DYLIB_INSTALL_NAME_BASE = "@rpath";
				ENABLE_MODULE_VERIFIER = YES;
				GENERATE_INFOPLIST_FILE = YES;
				INFOPLIST_KEY_NSHumanReadableCopyright = "";
				INSTALL_PATH = "$(LOCAL_LIBRARY_DIR)/Frameworks";
				IPHONEOS_DEPLOYMENT_TARGET = 17.0;
				LD_RUNPATH_SEARCH_PATHS = (
					"$(inherited)",
					"@executable_path/Frameworks",
					"@loader_path/Frameworks",
				);
				MARKETING_VERSION = 1.0;
				MODULE_VERIFIER_SUPPORTED_LANGUAGES = "objective-c objective-c++";
				MODULE_VERIFIER_SUPPORTED_LANGUAGE_STANDARDS = "gnu11 gnu++20";
				OTHER_CFLAGS = "";
				OTHER_CPLUSPLUSFLAGS = "";
				PRODUCT_BUNDLE_IDENTIFIER = com.Thingoteam.GeometryProcessing;
				PRODUCT_NAME = "$(TARGET_NAME:c99extidentifier)";
				SKIP_INSTALL = YES;
				SUPPORTED_PLATFORMS = "iphoneos iphonesimulator macosx";
				SUPPORTS_MACCATALYST = NO;
				SUPPORTS_MAC_DESIGNED_FOR_IPHONE_IPAD = YES;
				SWIFT_ACTIVE_COMPILATION_CONDITIONS = "DEBUG ANSI_DECLARATORS TRILIBRARY";
				SWIFT_EMIT_LOC_STRINGS = YES;
				SWIFT_OBJC_BRIDGING_HEADER = "";
				SWIFT_OPTIMIZATION_LEVEL = "-Onone";
				SWIFT_VERSION = 5.0;
				TARGETED_DEVICE_FAMILY = "1,2";
			};
			name = Debug;
		};
		F5B8A7942A42EB8C00D47C82 /* Release */ = {
			isa = XCBuildConfiguration;
			buildSettings = {
				CLANG_ENABLE_MODULES = YES;
				CODE_SIGN_STYLE = Automatic;
				CURRENT_PROJECT_VERSION = 1;
				DEFINES_MODULE = YES;
				DEVELOPMENT_TEAM = 6GQ3B4E7Z3;
				DYLIB_COMPATIBILITY_VERSION = 1;
				DYLIB_CURRENT_VERSION = 1;
				DYLIB_INSTALL_NAME_BASE = "@rpath";
				ENABLE_MODULE_VERIFIER = YES;
				GENERATE_INFOPLIST_FILE = YES;
				INFOPLIST_KEY_NSHumanReadableCopyright = "";
				INSTALL_PATH = "$(LOCAL_LIBRARY_DIR)/Frameworks";
				IPHONEOS_DEPLOYMENT_TARGET = 17.0;
				LD_RUNPATH_SEARCH_PATHS = (
					"$(inherited)",
					"@executable_path/Frameworks",
					"@loader_path/Frameworks",
				);
				MARKETING_VERSION = 1.0;
				MODULE_VERIFIER_SUPPORTED_LANGUAGES = "objective-c objective-c++";
				MODULE_VERIFIER_SUPPORTED_LANGUAGE_STANDARDS = "gnu11 gnu++20";
				OTHER_CFLAGS = "";
				OTHER_CPLUSPLUSFLAGS = "";
				PRODUCT_BUNDLE_IDENTIFIER = com.Thingoteam.GeometryProcessing;
				PRODUCT_NAME = "$(TARGET_NAME:c99extidentifier)";
				SKIP_INSTALL = YES;
				SUPPORTED_PLATFORMS = "iphoneos iphonesimulator macosx";
				SUPPORTS_MACCATALYST = NO;
				SUPPORTS_MAC_DESIGNED_FOR_IPHONE_IPAD = YES;
				SWIFT_ACTIVE_COMPILATION_CONDITIONS = "ANSI_DECLARATORS TRILIBRARY";
				SWIFT_EMIT_LOC_STRINGS = YES;
				SWIFT_OBJC_BRIDGING_HEADER = "";
				SWIFT_VERSION = 5.0;
				TARGETED_DEVICE_FAMILY = "1,2";
			};
			name = Release;
		};
/* End XCBuildConfiguration section */

/* Begin XCConfigurationList section */
		F50EE58D2C2EB04800F6A3A5 /* Build configuration list for PBXNativeTarget "GeometryProcessingTests" */ = {
			isa = XCConfigurationList;
			buildConfigurations = (
				F50EE5892C2EB04800F6A3A5 /* Debug */,
				F50EE58A2C2EB04800F6A3A5 /* Release */,
			);
			defaultConfigurationIsVisible = 0;
			defaultConfigurationName = Release;
		};
		F5B8A7832A42EB8C00D47C82 /* Build configuration list for PBXProject "GeometryProcessing" */ = {
			isa = XCConfigurationList;
			buildConfigurations = (
				F5B8A7902A42EB8C00D47C82 /* Debug */,
				F5B8A7912A42EB8C00D47C82 /* Release */,
			);
			defaultConfigurationIsVisible = 0;
			defaultConfigurationName = Release;
		};
		F5B8A7922A42EB8C00D47C82 /* Build configuration list for PBXNativeTarget "GeometryProcessing" */ = {
			isa = XCConfigurationList;
			buildConfigurations = (
				F5B8A7932A42EB8C00D47C82 /* Debug */,
				F5B8A7942A42EB8C00D47C82 /* Release */,
			);
			defaultConfigurationIsVisible = 0;
			defaultConfigurationName = Release;
		};
/* End XCConfigurationList section */
	};
	rootObject = F5B8A7802A42EB8C00D47C82 /* Project object */;
}
